
Microsoft Visual Studio Solution File, Format Version 12.00
# Visual Studio 14
VisualStudioVersion = 14.0.25420.1
MinimumVisualStudioVersion = 10.0.40219.1
Project("{FAE04EC0-301F-11D3-BF4B-00C04F79EFBC}") = "Presentacion", "Presentacion\Presentacion.csproj", "{C311E83C-2436-45D3-A9CA-8EE06C1C283B}"
EndProject
Project("{FAE04EC0-301F-11D3-BF4B-00C04F79EFBC}") = "Negocio", "Negocio\Negocio.csproj", "{2609A367-4948-4101-BAE5-A800847A1C6C}"
EndProject
Project("{FAE04EC0-301F-11D3-BF4B-00C04F79EFBC}") = "EntidadNegocio", "EntidadNegocio\EntidadNegocio.csproj", "{82E2FE90-152D-4286-8ADB-50DA23F15BE9}"
EndProject
Project("{FAE04EC0-301F-11D3-BF4B-00C04F79EFBC}") = "Datos", "Datos\Datos.csproj", "{B5076CF1-AC6D-467E-A615-7E20C9CE9BCD}"
EndProject
Global
	GlobalSection(SolutionConfigurationPlatforms) = preSolution
		Debug|Any CPU = Debug|Any CPU
		Release|Any CPU = Release|Any CPU
	EndGlobalSection
	GlobalSection(ProjectConfigurationPlatforms) = postSolution
		{C311E83C-2436-45D3-A9CA-8EE06C1C283B}.Debug|Any CPU.ActiveCfg = Debug|Any CPU
		{C311E83C-2436-45D3-A9CA-8EE06C1C283B}.Debug|Any CPU.Build.0 = Debug|Any CPU
		{C311E83C-2436-45D3-A9CA-8EE06C1C283B}.Release|Any CPU.ActiveCfg = Release|Any CPU
		{C311E83C-2436-45D3-A9CA-8EE06C1C283B}.Release|Any CPU.Build.0 = Release|Any CPU
		{2609A367-4948-4101-BAE5-A800847A1C6C}.Debug|Any CPU.ActiveCfg = Debug|Any CPU
		{2609A367-4948-4101-BAE5-A800847A1C6C}.Debug|Any CPU.Build.0 = Debug|Any CPU
		{2609A367-4948-4101-BAE5-A800847A1C6C}.Release|Any CPU.ActiveCfg = Release|Any CPU
		{2609A367-4948-4101-BAE5-A800847A1C6C}.Release|Any CPU.Build.0 = Release|Any CPU
		{82E2FE90-152D-4286-8ADB-50DA23F15BE9}.Debug|Any CPU.ActiveCfg = Debug|Any CPU
		{82E2FE90-152D-4286-8ADB-50DA23F15BE9}.Debug|Any CPU.Build.0 = Debug|Any CPU
		{82E2FE90-152D-4286-8ADB-50DA23F15BE9}.Release|Any CPU.ActiveCfg = Release|Any CPU
		{82E2FE90-152D-4286-8ADB-50DA23F15BE9}.Release|Any CPU.Build.0 = Release|Any CPU
		{B5076CF1-AC6D-467E-A615-7E20C9CE9BCD}.Debug|Any CPU.ActiveCfg = Debug|Any CPU
		{B5076CF1-AC6D-467E-A615-7E20C9CE9BCD}.Debug|Any CPU.Build.0 = Debug|Any CPU
		{B5076CF1-AC6D-467E-A615-7E20C9CE9BCD}.Release|Any CPU.ActiveCfg = Release|Any CPU
		{B5076CF1-AC6D-467E-A615-7E20C9CE9BCD}.Release|Any CPU.Build.0 = Release|Any CPU
	EndGlobalSection
	GlobalSection(SolutionProperties) = preSolution
		HideSolutionNode = FALSE
	EndGlobalSection
EndGlobal
